
Microsoft Visual Studio Solution File, Format Version 12.00
# Visual Studio 15
VisualStudioVersion = 15.0.28307.2092
MinimumVisualStudioVersion = 10.0.40219.1
Project("{FAE04EC0-301F-11D3-BF4B-00C04F79EFBC}") = "FileReadingProgressBar", "FileReadingProgressBar\FileReadingProgressBar.csproj", "{A61740D7-8698-412C-A310-7CACD19D4334}"
EndProject
Global
	GlobalSection(SolutionConfigurationPlatforms) = preSolution
		Debug|Any CPU = Debug|Any CPU
		Release|Any CPU = Release|Any CPU
	EndGlobalSection
	GlobalSection(ProjectConfigurationPlatforms) = postSolution
		{A61740D7-8698-412C-A310-7CACD19D4334}.Debug|Any CPU.ActiveCfg = Debug|Any CPU
		{A61740D7-8698-412C-A310-7CACD19D4334}.Debug|Any CPU.Build.0 = Debug|Any CPU
		{A61740D7-8698-412C-A310-7CACD19D4334}.Release|Any CPU.ActiveCfg = Release|Any CPU
		{A61740D7-8698-412C-A310-7CACD19D4334}.Release|Any CPU.Build.0 = Release|Any CPU
	EndGlobalSection
	GlobalSection(SolutionProperties) = preSolution
		HideSolutionNode = FALSE
	EndGlobalSection
	GlobalSection(ExtensibilityGlobals) = postSolution
		SolutionGuid = {FB9F4EA5-0ED4-4B6E-A283-0AE0984B7C2E}
	EndGlobalSection
EndGlobal
